
Microsoft Visual Studio Solution File, Format Version 12.00
# Visual Studio Version 17
VisualStudioVersion = 17.0.32014.148
MinimumVisualStudioVersion = 10.0.40219.1
Project("{9A19103F-16F7-4668-BE54-9A1E7A4F7556}") = "Singleton", "Singleton\Singleton.csproj", "{2DA39A20-33CC-45A9-A01A-415D3E318705}"
EndProject
Project("{2150E333-8FDC-42A3-9474-1A3956D46DE8}") = "Creational", "Creational", "{C46563B8-D3E6-48A8-A6BC-DDDC5DCD3261}"
EndProject
Project("{2150E333-8FDC-42A3-9474-1A3956D46DE8}") = "Structural", "Structural", "{6093F874-05AD-4944-9628-65938A786978}"
EndProject
Project("{2150E333-8FDC-42A3-9474-1A3956D46DE8}") = "Facade", "Facade", "{5EF951E9-5F84-4B7F-8006-D7D235A892B6}"
	ProjectSection(SolutionItems) = preProject
		Bridge\ToDo.txt = Bridge\ToDo.txt
	EndProjectSection
EndProject
Project("{9A19103F-16F7-4668-BE54-9A1E7A4F7556}") = "ShoppingCart", "ShoppingCart\ShoppingCart.csproj", "{6E315E8E-77E0-4FC4-8627-5FE41D756A4F}"
EndProject
Project("{9A19103F-16F7-4668-BE54-9A1E7A4F7556}") = "ShoppingFacade", "ShoppingFacade\ShoppingFacade.csproj", "{A2CDB95B-7B89-4C6C-B844-6B0E220EB22A}"
EndProject
Project("{9A19103F-16F7-4668-BE54-9A1E7A4F7556}") = "Facade", "Facade\Facade.csproj", "{31623CDB-9047-46ED-A8F6-D887109F987D}"
EndProject
Project("{9A19103F-16F7-4668-BE54-9A1E7A4F7556}") = "Bridge", "Bridge\Bridge.csproj", "{31D43344-D6DD-4392-B1FC-CC0BFF97F223}"
EndProject
Project("{9A19103F-16F7-4668-BE54-9A1E7A4F7556}") = "Adapter", "Adapter\Adapter.csproj", "{1F3D887D-878C-4DC4-872B-EAE0E50DF64A}"
EndProject
Project("{2150E333-8FDC-42A3-9474-1A3956D46DE8}") = "Behavioral", "Behavioral", "{548B7184-A62F-4C59-A369-3F4DF403AE2B}"
EndProject
Project("{9A19103F-16F7-4668-BE54-9A1E7A4F7556}") = "Strategy", "Strategy\Strategy.csproj", "{9D91A399-1254-4520-9055-77C589E75F88}"
EndProject
Project("{9A19103F-16F7-4668-BE54-9A1E7A4F7556}") = "Observer", "Observer\Observer.csproj", "{9C9572F7-F604-43E5-8553-F66231AB88FD}"
EndProject
Project("{9A19103F-16F7-4668-BE54-9A1E7A4F7556}") = "SimpleFactory", "SimpleFactory\SimpleFactory.csproj", "{CD347DC2-8D88-4D59-891C-06ADCB581873}"
EndProject
Project("{9A19103F-16F7-4668-BE54-9A1E7A4F7556}") = "Builder", "Builder\Builder.csproj", "{C185ABAE-7998-4D3A-8500-F3C9BD8FBC5C}"
EndProject
Project("{9A19103F-16F7-4668-BE54-9A1E7A4F7556}") = "Prototype", "Prototype\Prototype.csproj", "{C7B91EFD-F4F2-43FC-9DBA-9082BD08DBFA}"
EndProject
Project("{9A19103F-16F7-4668-BE54-9A1E7A4F7556}") = "Iterator", "Iterator\Iterator.csproj", "{44D2971A-F248-4A3C-A90C-F517DDB01A54}"
EndProject
Project("{9A19103F-16F7-4668-BE54-9A1E7A4F7556}") = "Interpreter", "Interpreter\Interpreter.csproj", "{3F844863-E2F0-4A7A-A620-66D74BFD416C}"
EndProject
Project("{9A19103F-16F7-4668-BE54-9A1E7A4F7556}") = "ChainOfResponsibility", "ChainOfResponsibility\ChainOfResponsibility.csproj", "{05D03F69-03B3-4D9E-B18F-28088713DDEB}"
EndProject
Project("{9A19103F-16F7-4668-BE54-9A1E7A4F7556}") = "Mediator", "Mediator\Mediator.csproj", "{68C07361-A003-45CC-95DE-46EDC5AE6B0F}"
EndProject
Project("{9A19103F-16F7-4668-BE54-9A1E7A4F7556}") = "Command", "Command\Command.csproj", "{9A86C763-2E33-4DC4-84C1-DBE3E51DE3D0}"
EndProject
Project("{FAE04EC0-301F-11D3-BF4B-00C04F79EFBC}") = "Memento", "Memento\Memento.csproj", "{2F1DD101-F6B9-48AF-9098-16C600D8936E}"
EndProject
Project("{FAE04EC0-301F-11D3-BF4B-00C04F79EFBC}") = "State", "State\State.csproj", "{9D52BD1B-A0D7-4D12-8BF6-6344FB7B0CB3}"
EndProject
Project("{FAE04EC0-301F-11D3-BF4B-00C04F79EFBC}") = "Visitor", "Visitor\Visitor.csproj", "{55073FC2-3D69-41B8-886F-48E679089FD9}"
EndProject
Project("{FAE04EC0-301F-11D3-BF4B-00C04F79EFBC}") = "TemplateMethod", "TemplateMethod\TemplateMethod.csproj", "{817AC608-0214-476C-B694-AFD285376BDB}"
EndProject
Project("{2150E333-8FDC-42A3-9474-1A3956D46DE8}") = "Misc", "Misc", "{D76D9C6B-2A51-4A1C-9943-D5F3BA11F248}"
EndProject
Project("{FAE04EC0-301F-11D3-BF4B-00C04F79EFBC}") = "Monoid", "Monoid\Monoid.csproj", "{1C90A263-75EF-4ED8-8C7A-49ACA1C07190}"
EndProject
Project("{FAE04EC0-301F-11D3-BF4B-00C04F79EFBC}") = "Decorator", "Decorator\Decorator.csproj", "{E8135B4B-EFA2-4F94-B36E-FDE2CE383FF5}"
EndProject
Project("{FAE04EC0-301F-11D3-BF4B-00C04F79EFBC}") = "Proxy", "Proxy\Proxy.csproj", "{227043D8-A5A0-476A-8EA5-C5FCB43A53AE}"
EndProject
Project("{FAE04EC0-301F-11D3-BF4B-00C04F79EFBC}") = "Composite", "Composite\Composite.csproj", "{956B3101-54B3-48B0-84A6-448D0319250C}"
EndProject
Project("{FAE04EC0-301F-11D3-BF4B-00C04F79EFBC}") = "Flyweight", "Flyweight\Flyweight.csproj", "{D494FB93-8E97-43A9-80A9-66758117F05D}"
EndProject
Project("{FAE04EC0-301F-11D3-BF4B-00C04F79EFBC}") = "Monad", "Monad\Monad.csproj", "{EBCA4180-45CA-47DE-AED9-E9DC1A6DA0D4}"
EndProject
Project("{2150E333-8FDC-42A3-9474-1A3956D46DE8}") = "SingletonFolder", "SingletonFolder", "{5218FAB8-EF1C-4F46-8E06-0B75B1735ABB}"
EndProject
Project("{2150E333-8FDC-42A3-9474-1A3956D46DE8}") = "BuilderFolder", "BuilderFolder", "{E3154999-55F9-4747-8A16-54DAEF80B1EE}"
EndProject
Global
	GlobalSection(SolutionConfigurationPlatforms) = preSolution
		Debug|Any CPU = Debug|Any CPU
		Release|Any CPU = Release|Any CPU
	EndGlobalSection
	GlobalSection(ProjectConfigurationPlatforms) = postSolution
		{2DA39A20-33CC-45A9-A01A-415D3E318705}.Debug|Any CPU.ActiveCfg = Debug|Any CPU
		{2DA39A20-33CC-45A9-A01A-415D3E318705}.Debug|Any CPU.Build.0 = Debug|Any CPU
		{2DA39A20-33CC-45A9-A01A-415D3E318705}.Release|Any CPU.ActiveCfg = Release|Any CPU
		{2DA39A20-33CC-45A9-A01A-415D3E318705}.Release|Any CPU.Build.0 = Release|Any CPU
		{6E315E8E-77E0-4FC4-8627-5FE41D756A4F}.Debug|Any CPU.ActiveCfg = Debug|Any CPU
		{6E315E8E-77E0-4FC4-8627-5FE41D756A4F}.Debug|Any CPU.Build.0 = Debug|Any CPU
		{6E315E8E-77E0-4FC4-8627-5FE41D756A4F}.Release|Any CPU.ActiveCfg = Release|Any CPU
		{6E315E8E-77E0-4FC4-8627-5FE41D756A4F}.Release|Any CPU.Build.0 = Release|Any CPU
		{A2CDB95B-7B89-4C6C-B844-6B0E220EB22A}.Debug|Any CPU.ActiveCfg = Debug|Any CPU
		{A2CDB95B-7B89-4C6C-B844-6B0E220EB22A}.Debug|Any CPU.Build.0 = Debug|Any CPU
		{A2CDB95B-7B89-4C6C-B844-6B0E220EB22A}.Release|Any CPU.ActiveCfg = Release|Any CPU
		{A2CDB95B-7B89-4C6C-B844-6B0E220EB22A}.Release|Any CPU.Build.0 = Release|Any CPU
		{31623CDB-9047-46ED-A8F6-D887109F987D}.Debug|Any CPU.ActiveCfg = Debug|Any CPU
		{31623CDB-9047-46ED-A8F6-D887109F987D}.Debug|Any CPU.Build.0 = Debug|Any CPU
		{31623CDB-9047-46ED-A8F6-D887109F987D}.Release|Any CPU.ActiveCfg = Release|Any CPU
		{31623CDB-9047-46ED-A8F6-D887109F987D}.Release|Any CPU.Build.0 = Release|Any CPU
		{31D43344-D6DD-4392-B1FC-CC0BFF97F223}.Debug|Any CPU.ActiveCfg = Debug|Any CPU
		{31D43344-D6DD-4392-B1FC-CC0BFF97F223}.Debug|Any CPU.Build.0 = Debug|Any CPU
		{31D43344-D6DD-4392-B1FC-CC0BFF97F223}.Release|Any CPU.ActiveCfg = Release|Any CPU
		{31D43344-D6DD-4392-B1FC-CC0BFF97F223}.Release|Any CPU.Build.0 = Release|Any CPU
		{1F3D887D-878C-4DC4-872B-EAE0E50DF64A}.Debug|Any CPU.ActiveCfg = Debug|Any CPU
		{1F3D887D-878C-4DC4-872B-EAE0E50DF64A}.Debug|Any CPU.Build.0 = Debug|Any CPU
		{1F3D887D-878C-4DC4-872B-EAE0E50DF64A}.Release|Any CPU.ActiveCfg = Release|Any CPU
		{1F3D887D-878C-4DC4-872B-EAE0E50DF64A}.Release|Any CPU.Build.0 = Release|Any CPU
		{9D91A399-1254-4520-9055-77C589E75F88}.Debug|Any CPU.ActiveCfg = Debug|Any CPU
		{9D91A399-1254-4520-9055-77C589E75F88}.Debug|Any CPU.Build.0 = Debug|Any CPU
		{9D91A399-1254-4520-9055-77C589E75F88}.Release|Any CPU.ActiveCfg = Release|Any CPU
		{9D91A399-1254-4520-9055-77C589E75F88}.Release|Any CPU.Build.0 = Release|Any CPU
		{9C9572F7-F604-43E5-8553-F66231AB88FD}.Debug|Any CPU.ActiveCfg = Debug|Any CPU
		{9C9572F7-F604-43E5-8553-F66231AB88FD}.Debug|Any CPU.Build.0 = Debug|Any CPU
		{9C9572F7-F604-43E5-8553-F66231AB88FD}.Release|Any CPU.ActiveCfg = Release|Any CPU
		{9C9572F7-F604-43E5-8553-F66231AB88FD}.Release|Any CPU.Build.0 = Release|Any CPU
		{CD347DC2-8D88-4D59-891C-06ADCB581873}.Debug|Any CPU.ActiveCfg = Debug|Any CPU
		{CD347DC2-8D88-4D59-891C-06ADCB581873}.Debug|Any CPU.Build.0 = Debug|Any CPU
		{CD347DC2-8D88-4D59-891C-06ADCB581873}.Release|Any CPU.ActiveCfg = Release|Any CPU
		{CD347DC2-8D88-4D59-891C-06ADCB581873}.Release|Any CPU.Build.0 = Release|Any CPU
		{C185ABAE-7998-4D3A-8500-F3C9BD8FBC5C}.Debug|Any CPU.ActiveCfg = Debug|Any CPU
		{C185ABAE-7998-4D3A-8500-F3C9BD8FBC5C}.Debug|Any CPU.Build.0 = Debug|Any CPU
		{C185ABAE-7998-4D3A-8500-F3C9BD8FBC5C}.Release|Any CPU.ActiveCfg = Release|Any CPU
		{C185ABAE-7998-4D3A-8500-F3C9BD8FBC5C}.Release|Any CPU.Build.0 = Release|Any CPU
		{C7B91EFD-F4F2-43FC-9DBA-9082BD08DBFA}.Debug|Any CPU.ActiveCfg = Debug|Any CPU
		{C7B91EFD-F4F2-43FC-9DBA-9082BD08DBFA}.Debug|Any CPU.Build.0 = Debug|Any CPU
		{C7B91EFD-F4F2-43FC-9DBA-9082BD08DBFA}.Release|Any CPU.ActiveCfg = Release|Any CPU
		{C7B91EFD-F4F2-43FC-9DBA-9082BD08DBFA}.Release|Any CPU.Build.0 = Release|Any CPU
		{44D2971A-F248-4A3C-A90C-F517DDB01A54}.Debug|Any CPU.ActiveCfg = Debug|Any CPU
		{44D2971A-F248-4A3C-A90C-F517DDB01A54}.Debug|Any CPU.Build.0 = Debug|Any CPU
		{44D2971A-F248-4A3C-A90C-F517DDB01A54}.Release|Any CPU.ActiveCfg = Release|Any CPU
		{44D2971A-F248-4A3C-A90C-F517DDB01A54}.Release|Any CPU.Build.0 = Release|Any CPU
		{3F844863-E2F0-4A7A-A620-66D74BFD416C}.Debug|Any CPU.ActiveCfg = Debug|Any CPU
		{3F844863-E2F0-4A7A-A620-66D74BFD416C}.Debug|Any CPU.Build.0 = Debug|Any CPU
		{3F844863-E2F0-4A7A-A620-66D74BFD416C}.Release|Any CPU.ActiveCfg = Release|Any CPU
		{3F844863-E2F0-4A7A-A620-66D74BFD416C}.Release|Any CPU.Build.0 = Release|Any CPU
		{05D03F69-03B3-4D9E-B18F-28088713DDEB}.Debug|Any CPU.ActiveCfg = Debug|Any CPU
		{05D03F69-03B3-4D9E-B18F-28088713DDEB}.Debug|Any CPU.Build.0 = Debug|Any CPU
		{05D03F69-03B3-4D9E-B18F-28088713DDEB}.Release|Any CPU.ActiveCfg = Release|Any CPU
		{05D03F69-03B3-4D9E-B18F-28088713DDEB}.Release|Any CPU.Build.0 = Release|Any CPU
		{68C07361-A003-45CC-95DE-46EDC5AE6B0F}.Debug|Any CPU.ActiveCfg = Debug|Any CPU
		{68C07361-A003-45CC-95DE-46EDC5AE6B0F}.Debug|Any CPU.Build.0 = Debug|Any CPU
		{68C07361-A003-45CC-95DE-46EDC5AE6B0F}.Release|Any CPU.ActiveCfg = Release|Any CPU
		{68C07361-A003-45CC-95DE-46EDC5AE6B0F}.Release|Any CPU.Build.0 = Release|Any CPU
		{9A86C763-2E33-4DC4-84C1-DBE3E51DE3D0}.Debug|Any CPU.ActiveCfg = Debug|Any CPU
		{9A86C763-2E33-4DC4-84C1-DBE3E51DE3D0}.Debug|Any CPU.Build.0 = Debug|Any CPU
		{9A86C763-2E33-4DC4-84C1-DBE3E51DE3D0}.Release|Any CPU.ActiveCfg = Release|Any CPU
		{9A86C763-2E33-4DC4-84C1-DBE3E51DE3D0}.Release|Any CPU.Build.0 = Release|Any CPU
		{2F1DD101-F6B9-48AF-9098-16C600D8936E}.Debug|Any CPU.ActiveCfg = Debug|Any CPU
		{2F1DD101-F6B9-48AF-9098-16C600D8936E}.Debug|Any CPU.Build.0 = Debug|Any CPU
		{2F1DD101-F6B9-48AF-9098-16C600D8936E}.Release|Any CPU.ActiveCfg = Release|Any CPU
		{2F1DD101-F6B9-48AF-9098-16C600D8936E}.Release|Any CPU.Build.0 = Release|Any CPU
		{9D52BD1B-A0D7-4D12-8BF6-6344FB7B0CB3}.Debug|Any CPU.ActiveCfg = Debug|Any CPU
		{9D52BD1B-A0D7-4D12-8BF6-6344FB7B0CB3}.Debug|Any CPU.Build.0 = Debug|Any CPU
		{9D52BD1B-A0D7-4D12-8BF6-6344FB7B0CB3}.Release|Any CPU.ActiveCfg = Release|Any CPU
		{9D52BD1B-A0D7-4D12-8BF6-6344FB7B0CB3}.Release|Any CPU.Build.0 = Release|Any CPU
		{55073FC2-3D69-41B8-886F-48E679089FD9}.Debug|Any CPU.ActiveCfg = Debug|Any CPU
		{55073FC2-3D69-41B8-886F-48E679089FD9}.Debug|Any CPU.Build.0 = Debug|Any CPU
		{55073FC2-3D69-41B8-886F-48E679089FD9}.Release|Any CPU.ActiveCfg = Release|Any CPU
		{55073FC2-3D69-41B8-886F-48E679089FD9}.Release|Any CPU.Build.0 = Release|Any CPU
		{817AC608-0214-476C-B694-AFD285376BDB}.Debug|Any CPU.ActiveCfg = Debug|Any CPU
		{817AC608-0214-476C-B694-AFD285376BDB}.Debug|Any CPU.Build.0 = Debug|Any CPU
		{817AC608-0214-476C-B694-AFD285376BDB}.Release|Any CPU.ActiveCfg = Release|Any CPU
		{817AC608-0214-476C-B694-AFD285376BDB}.Release|Any CPU.Build.0 = Release|Any CPU
		{1C90A263-75EF-4ED8-8C7A-49ACA1C07190}.Debug|Any CPU.ActiveCfg = Debug|Any CPU
		{1C90A263-75EF-4ED8-8C7A-49ACA1C07190}.Debug|Any CPU.Build.0 = Debug|Any CPU
		{1C90A263-75EF-4ED8-8C7A-49ACA1C07190}.Release|Any CPU.ActiveCfg = Release|Any CPU
		{1C90A263-75EF-4ED8-8C7A-49ACA1C07190}.Release|Any CPU.Build.0 = Release|Any CPU
		{E8135B4B-EFA2-4F94-B36E-FDE2CE383FF5}.Debug|Any CPU.ActiveCfg = Debug|Any CPU
		{E8135B4B-EFA2-4F94-B36E-FDE2CE383FF5}.Debug|Any CPU.Build.0 = Debug|Any CPU
		{E8135B4B-EFA2-4F94-B36E-FDE2CE383FF5}.Release|Any CPU.ActiveCfg = Release|Any CPU
		{E8135B4B-EFA2-4F94-B36E-FDE2CE383FF5}.Release|Any CPU.Build.0 = Release|Any CPU
		{227043D8-A5A0-476A-8EA5-C5FCB43A53AE}.Debug|Any CPU.ActiveCfg = Debug|Any CPU
		{227043D8-A5A0-476A-8EA5-C5FCB43A53AE}.Debug|Any CPU.Build.0 = Debug|Any CPU
		{227043D8-A5A0-476A-8EA5-C5FCB43A53AE}.Release|Any CPU.ActiveCfg = Release|Any CPU
		{227043D8-A5A0-476A-8EA5-C5FCB43A53AE}.Release|Any CPU.Build.0 = Release|Any CPU
		{956B3101-54B3-48B0-84A6-448D0319250C}.Debug|Any CPU.ActiveCfg = Debug|Any CPU
		{956B3101-54B3-48B0-84A6-448D0319250C}.Debug|Any CPU.Build.0 = Debug|Any CPU
		{956B3101-54B3-48B0-84A6-448D0319250C}.Release|Any CPU.ActiveCfg = Release|Any CPU
		{956B3101-54B3-48B0-84A6-448D0319250C}.Release|Any CPU.Build.0 = Release|Any CPU
		{D494FB93-8E97-43A9-80A9-66758117F05D}.Debug|Any CPU.ActiveCfg = Debug|Any CPU
		{D494FB93-8E97-43A9-80A9-66758117F05D}.Debug|Any CPU.Build.0 = Debug|Any CPU
		{D494FB93-8E97-43A9-80A9-66758117F05D}.Release|Any CPU.ActiveCfg = Release|Any CPU
		{D494FB93-8E97-43A9-80A9-66758117F05D}.Release|Any CPU.Build.0 = Release|Any CPU
		{EBCA4180-45CA-47DE-AED9-E9DC1A6DA0D4}.Debug|Any CPU.ActiveCfg = Debug|Any CPU
		{EBCA4180-45CA-47DE-AED9-E9DC1A6DA0D4}.Debug|Any CPU.Build.0 = Debug|Any CPU
		{EBCA4180-45CA-47DE-AED9-E9DC1A6DA0D4}.Release|Any CPU.ActiveCfg = Release|Any CPU
		{EBCA4180-45CA-47DE-AED9-E9DC1A6DA0D4}.Release|Any CPU.Build.0 = Release|Any CPU
	EndGlobalSection
	GlobalSection(SolutionProperties) = preSolution
		HideSolutionNode = FALSE
	EndGlobalSection
	GlobalSection(NestedProjects) = preSolution
		{2DA39A20-33CC-45A9-A01A-415D3E318705} = {5218FAB8-EF1C-4F46-8E06-0B75B1735ABB}
		{5EF951E9-5F84-4B7F-8006-D7D235A892B6} = {6093F874-05AD-4944-9628-65938A786978}
		{6E315E8E-77E0-4FC4-8627-5FE41D756A4F} = {5EF951E9-5F84-4B7F-8006-D7D235A892B6}
		{A2CDB95B-7B89-4C6C-B844-6B0E220EB22A} = {5EF951E9-5F84-4B7F-8006-D7D235A892B6}
		{31623CDB-9047-46ED-A8F6-D887109F987D} = {5EF951E9-5F84-4B7F-8006-D7D235A892B6}
		{31D43344-D6DD-4392-B1FC-CC0BFF97F223} = {6093F874-05AD-4944-9628-65938A786978}
		{1F3D887D-878C-4DC4-872B-EAE0E50DF64A} = {6093F874-05AD-4944-9628-65938A786978}
		{9D91A399-1254-4520-9055-77C589E75F88} = {548B7184-A62F-4C59-A369-3F4DF403AE2B}
		{9C9572F7-F604-43E5-8553-F66231AB88FD} = {548B7184-A62F-4C59-A369-3F4DF403AE2B}
		{CD347DC2-8D88-4D59-891C-06ADCB581873} = {C46563B8-D3E6-48A8-A6BC-DDDC5DCD3261}
		{C185ABAE-7998-4D3A-8500-F3C9BD8FBC5C} = {E3154999-55F9-4747-8A16-54DAEF80B1EE}
		{C7B91EFD-F4F2-43FC-9DBA-9082BD08DBFA} = {C46563B8-D3E6-48A8-A6BC-DDDC5DCD3261}
		{44D2971A-F248-4A3C-A90C-F517DDB01A54} = {548B7184-A62F-4C59-A369-3F4DF403AE2B}
		{3F844863-E2F0-4A7A-A620-66D74BFD416C} = {548B7184-A62F-4C59-A369-3F4DF403AE2B}
		{05D03F69-03B3-4D9E-B18F-28088713DDEB} = {548B7184-A62F-4C59-A369-3F4DF403AE2B}
		{68C07361-A003-45CC-95DE-46EDC5AE6B0F} = {548B7184-A62F-4C59-A369-3F4DF403AE2B}
		{9A86C763-2E33-4DC4-84C1-DBE3E51DE3D0} = {548B7184-A62F-4C59-A369-3F4DF403AE2B}
		{2F1DD101-F6B9-48AF-9098-16C600D8936E} = {548B7184-A62F-4C59-A369-3F4DF403AE2B}
		{9D52BD1B-A0D7-4D12-8BF6-6344FB7B0CB3} = {548B7184-A62F-4C59-A369-3F4DF403AE2B}
		{55073FC2-3D69-41B8-886F-48E679089FD9} = {548B7184-A62F-4C59-A369-3F4DF403AE2B}
		{817AC608-0214-476C-B694-AFD285376BDB} = {548B7184-A62F-4C59-A369-3F4DF403AE2B}
		{1C90A263-75EF-4ED8-8C7A-49ACA1C07190} = {D76D9C6B-2A51-4A1C-9943-D5F3BA11F248}
		{E8135B4B-EFA2-4F94-B36E-FDE2CE383FF5} = {6093F874-05AD-4944-9628-65938A786978}
		{227043D8-A5A0-476A-8EA5-C5FCB43A53AE} = {6093F874-05AD-4944-9628-65938A786978}
		{956B3101-54B3-48B0-84A6-448D0319250C} = {6093F874-05AD-4944-9628-65938A786978}
		{D494FB93-8E97-43A9-80A9-66758117F05D} = {D76D9C6B-2A51-4A1C-9943-D5F3BA11F248}
		{EBCA4180-45CA-47DE-AED9-E9DC1A6DA0D4} = {D76D9C6B-2A51-4A1C-9943-D5F3BA11F248}
		{5218FAB8-EF1C-4F46-8E06-0B75B1735ABB} = {C46563B8-D3E6-48A8-A6BC-DDDC5DCD3261}
		{E3154999-55F9-4747-8A16-54DAEF80B1EE} = {C46563B8-D3E6-48A8-A6BC-DDDC5DCD3261}
	EndGlobalSection
	GlobalSection(ExtensibilityGlobals) = postSolution
		SolutionGuid = {18F2C84F-FAF5-4349-91E4-30CA5DA68D2C}
	EndGlobalSection
EndGlobal
